
Microsoft Visual Studio Solution File, Format Version 12.00
# Visual Studio 15
VisualStudioVersion = 15.0.28307.1082
MinimumVisualStudioVersion = 10.0.40219.1
Project("{FAE04EC0-301F-11D3-BF4B-00C04F79EFBC}") = "Blockchain", "Blockchain\Blockchain.csproj", "{CCF2BCF9-B175-4EC2-9DAF-906FF2BF47E5}"
EndProject
Project("{FAE04EC0-301F-11D3-BF4B-00C04F79EFBC}") = "BlockchainTests", "BlockchainTests\BlockchainTests.csproj", "{DB9194A6-BEF2-4B96-A337-2B6D88581BD8}"
EndProject
Global
	GlobalSection(SolutionConfigurationPlatforms) = preSolution
		Debug|Any CPU = Debug|Any CPU
		Release|Any CPU = Release|Any CPU
	EndGlobalSection
	GlobalSection(ProjectConfigurationPlatforms) = postSolution
		{CCF2BCF9-B175-4EC2-9DAF-906FF2BF47E5}.Debug|Any CPU.ActiveCfg = Debug|Any CPU
		{CCF2BCF9-B175-4EC2-9DAF-906FF2BF47E5}.Debug|Any CPU.Build.0 = Debug|Any CPU
		{CCF2BCF9-B175-4EC2-9DAF-906FF2BF47E5}.Release|Any CPU.ActiveCfg = Release|Any CPU
		{CCF2BCF9-B175-4EC2-9DAF-906FF2BF47E5}.Release|Any CPU.Build.0 = Release|Any CPU
		{DB9194A6-BEF2-4B96-A337-2B6D88581BD8}.Debug|Any CPU.ActiveCfg = Debug|Any CPU
		{DB9194A6-BEF2-4B96-A337-2B6D88581BD8}.Debug|Any CPU.Build.0 = Debug|Any CPU
		{DB9194A6-BEF2-4B96-A337-2B6D88581BD8}.Release|Any CPU.ActiveCfg = Release|Any CPU
		{DB9194A6-BEF2-4B96-A337-2B6D88581BD8}.Release|Any CPU.Build.0 = Release|Any CPU
	EndGlobalSection
	GlobalSection(SolutionProperties) = preSolution
		HideSolutionNode = FALSE
	EndGlobalSection
	GlobalSection(ExtensibilityGlobals) = postSolution
		SolutionGuid = {9FFA48FB-4205-416F-82F6-9E880C76438B}
	EndGlobalSection
EndGlobal
